
Microsoft Visual Studio Solution File, Format Version 12.00
# Visual Studio 14
VisualStudioVersion = 14.0.23107.0
MinimumVisualStudioVersion = 10.0.40219.1
Project("{FAE04EC0-301F-11D3-BF4B-00C04F79EFBC}") = "Utils", "Utils.csproj", "{48AF5B51-CBA9-409A-A505-53B93E3DA71C}"
EndProject
Project("{FAE04EC0-301F-11D3-BF4B-00C04F79EFBC}") = "Server", "..\Server\Server.csproj", "{6E7DB53B-3CCB-45B2-8425-DB41E92A7A53}"
EndProject
Project("{FAE04EC0-301F-11D3-BF4B-00C04F79EFBC}") = "Client", "..\Client\Client.csproj", "{DE166F2A-C851-4EF5-8596-3FBC2F27CC6F}"
EndProject
Project("{FAE04EC0-301F-11D3-BF4B-00C04F79EFBC}") = "ReHashStarter", "..\ReHashStarter\ReHashStarter.csproj", "{7DE788FC-8421-4184-809C-D70E73EAECE0}"
EndProject
Global
	GlobalSection(SolutionConfigurationPlatforms) = preSolution
		Debug|Any CPU = Debug|Any CPU
		Release|Any CPU = Release|Any CPU
	EndGlobalSection
	GlobalSection(ProjectConfigurationPlatforms) = postSolution
		{48AF5B51-CBA9-409A-A505-53B93E3DA71C}.Debug|Any CPU.ActiveCfg = Debug|Any CPU
		{48AF5B51-CBA9-409A-A505-53B93E3DA71C}.Debug|Any CPU.Build.0 = Debug|Any CPU
		{48AF5B51-CBA9-409A-A505-53B93E3DA71C}.Release|Any CPU.ActiveCfg = Release|Any CPU
		{48AF5B51-CBA9-409A-A505-53B93E3DA71C}.Release|Any CPU.Build.0 = Release|Any CPU
		{6E7DB53B-3CCB-45B2-8425-DB41E92A7A53}.Debug|Any CPU.ActiveCfg = Debug|Any CPU
		{6E7DB53B-3CCB-45B2-8425-DB41E92A7A53}.Debug|Any CPU.Build.0 = Debug|Any CPU
		{6E7DB53B-3CCB-45B2-8425-DB41E92A7A53}.Release|Any CPU.ActiveCfg = Release|Any CPU
		{6E7DB53B-3CCB-45B2-8425-DB41E92A7A53}.Release|Any CPU.Build.0 = Release|Any CPU
		{DE166F2A-C851-4EF5-8596-3FBC2F27CC6F}.Debug|Any CPU.ActiveCfg = Debug|Any CPU
		{DE166F2A-C851-4EF5-8596-3FBC2F27CC6F}.Debug|Any CPU.Build.0 = Debug|Any CPU
		{DE166F2A-C851-4EF5-8596-3FBC2F27CC6F}.Release|Any CPU.ActiveCfg = Release|Any CPU
		{DE166F2A-C851-4EF5-8596-3FBC2F27CC6F}.Release|Any CPU.Build.0 = Release|Any CPU
		{7DE788FC-8421-4184-809C-D70E73EAECE0}.Debug|Any CPU.ActiveCfg = Debug|Any CPU
		{7DE788FC-8421-4184-809C-D70E73EAECE0}.Debug|Any CPU.Build.0 = Debug|Any CPU
		{7DE788FC-8421-4184-809C-D70E73EAECE0}.Release|Any CPU.ActiveCfg = Release|Any CPU
		{7DE788FC-8421-4184-809C-D70E73EAECE0}.Release|Any CPU.Build.0 = Release|Any CPU
	EndGlobalSection
	GlobalSection(SolutionProperties) = preSolution
		HideSolutionNode = FALSE
	EndGlobalSection
EndGlobal
