
Microsoft Visual Studio Solution File, Format Version 12.00
# Visual Studio 2013
VisualStudioVersion = 12.0.30501.0
MinimumVisualStudioVersion = 10.0.40219.1
Project("{FAE04EC0-301F-11D3-BF4B-00C04F79EFBC}") = "Utils", "Utils.csproj", "{48AF5B51-CBA9-409A-A505-53B93E3DA71C}"
EndProject
Project("{FAE04EC0-301F-11D3-BF4B-00C04F79EFBC}") = "Proxies", "..\Proxies\Proxies.csproj", "{D9E504D1-5EC6-4682-89DA-6DAA2987C504}"
EndProject
Global
	GlobalSection(SolutionConfigurationPlatforms) = preSolution
		Debug|Any CPU = Debug|Any CPU
		Release|Any CPU = Release|Any CPU
	EndGlobalSection
	GlobalSection(ProjectConfigurationPlatforms) = postSolution
		{48AF5B51-CBA9-409A-A505-53B93E3DA71C}.Debug|Any CPU.ActiveCfg = Debug|Any CPU
		{48AF5B51-CBA9-409A-A505-53B93E3DA71C}.Debug|Any CPU.Build.0 = Debug|Any CPU
		{48AF5B51-CBA9-409A-A505-53B93E3DA71C}.Release|Any CPU.ActiveCfg = Release|Any CPU
		{48AF5B51-CBA9-409A-A505-53B93E3DA71C}.Release|Any CPU.Build.0 = Release|Any CPU
		{D9E504D1-5EC6-4682-89DA-6DAA2987C504}.Debug|Any CPU.ActiveCfg = Debug|Any CPU
		{D9E504D1-5EC6-4682-89DA-6DAA2987C504}.Debug|Any CPU.Build.0 = Debug|Any CPU
		{D9E504D1-5EC6-4682-89DA-6DAA2987C504}.Release|Any CPU.ActiveCfg = Release|Any CPU
		{D9E504D1-5EC6-4682-89DA-6DAA2987C504}.Release|Any CPU.Build.0 = Release|Any CPU
	EndGlobalSection
	GlobalSection(SolutionProperties) = preSolution
		HideSolutionNode = FALSE
	EndGlobalSection
EndGlobal
